# This file is automatically @generated by Poetry 1.8.5 and should not be changed by hand.

[[package]]
name = "altgraph"
version = "0.17.5"
description = "Python graph (network) package"
optional = false
python-versions = "*"
files = [
    {file = "altgraph-0.17.5-py2.py3-none-any.whl", hash = "sha256:f3a22400bce1b0c701683820ac4f3b159cd301acab067c51c653e06961600597"},
    {file = "altgraph-0.17.5.tar.gz", hash = "sha256:c87b395dd12fabde9c99573a9749d67da8d29ef9de0125c7f536699b4a9bc9e7"},
]

[[package]]
name = "colorama"
version = "0.4.6"
description = "Cross-platform colored terminal text."
optional = false
python-versions = "!=3.0.*,!=3.1.*,!=3.2.*,!=3.3.*,!=3.4.*,!=3.5.*,!=3.6.*,>=2.7"
files = [
    {file = "colorama-0.4.6-py2.py3-none-any.whl", hash = "sha256:4f1d9991f5acc0ca119f9d443620b77f9d6b33703e51011c16baf57afb285fc6"},
    {file = "colorama-0.4.6.tar.gz", hash = "sha256:08695f5cb7ed6e0531a20572697297273c47b8cae5a63ffc6d6ed5c201be6e44"},
]

[[package]]
name = "exceptiongroup"
version = "1.3.1"
description = "Backport of PEP 654 (exception groups)"
optional = false
python-versions = ">=3.7"
files = [
    {file = "exceptiongroup-1.3.1-py3-none-any.whl", hash = "sha256:a7a39a3bd276781e98394987d3a5701d0c4edffb633bb7a5144577f82c773598"},
    {file = "exceptiongroup-1.3.1.tar.gz", hash = "sha256:8b412432c6055b0b7d14c310000ae93352ed6754f70fa8f7c34141f91c4e3219"},
]

[package.dependencies]
typing-extensions = {version = ">=4.6.0", markers = "python_version < \"3.13\""}

[package.extras]
test = ["pytest (>=6)"]

[[package]]
name = "iniconfig"
version = "2.3.0"
description = "brain-dead simple config-ini parsing"
optional = false
python-versions = ">=3.10"
files = [
    {file = "iniconfig-2.3.0-py3-none-any.whl", hash = "sha256:f631c04d2c48c52b84d0d0549c99ff3859c98df65b3101406327ecc7d53fbf12"},
    {file = "iniconfig-2.3.0.tar.gz", hash = "sha256:c76315c77db068650d49c5b56314774a7804df16fee4402c1f19d6d15d8c4730"},
]

[[package]]
name = "macholib"
version = "1.16.4"
description = "Mach-O header analysis and editing"
optional = false
python-versions = "*"
files = [
    {file = "macholib-1.16.4-py2.py3-none-any.whl", hash = "sha256:da1a3fa8266e30f0ce7e97c6a54eefaae8edd1e5f86f3eb8b95457cae90265ea"},
    {file = "macholib-1.16.4.tar.gz", hash = "sha256:f408c93ab2e995cd2c46e34fe328b130404be143469e41bc366c807448979362"},
]

[package.dependencies]
altgraph = ">=0.17"

[[package]]
name = "numpy"
version = "1.26.4"
description = "Fundamental package for array computing in Python"
optional = false
python-versions = ">=3.9"
files = [
    {file = "numpy-1.26.4-cp310-cp310-macosx_10_9_x86_64.whl", hash = "sha256:9ff0f4f29c51e2803569d7a51c2304de5554655a60c5d776e35b4a41413830d0"},
    {file = "numpy-1.26.4-cp310-cp310-macosx_11_0_arm64.whl", hash = "sha256:2e4ee3380d6de9c9ec04745830fd9e2eccb3e6cf790d39d7b98ffd19b0dd754a"},
    {file = "numpy-1.26.4-cp310-cp310-manylinux_2_17_aarch64.manylinux2014_aarch64.whl", hash = "sha256:d209d8969599b27ad20994c8e41936ee0964e6da07478d6c35016bc386b66ad4"},
    {file = "numpy-1.26.4-cp310-cp310-manylinux_2_17_x86_64.manylinux2014_x86_64.whl", hash = "sha256:ffa75af20b44f8dba823498024771d5ac50620e6915abac414251bd971b4529f"},
    {file = "numpy-1.26.4-cp310-cp310-musllinux_1_1_aarch64.whl", hash = "sha256:62b8e4b1e28009ef2846b4c7852046736bab361f7aeadeb6a5b89ebec3c7055a"},
    {file = "numpy-1.26.4-cp310-cp310-musllinux_1_1_x86_64.whl", hash = "sha256:a4abb4f9001ad2858e7ac189089c42178fcce737e4169dc61321660f1a96c7d2"},
    {file = "numpy-1.26.4-cp310-cp310-win32.whl", hash = "sha256:bfe25acf8b437eb2a8b2d49d443800a5f18508cd811fea3181723922a8a82b07"},
    {file = "numpy-1.26.4-cp310-cp310-win_amd64.whl", hash = "sha256:b97fe8060236edf3662adfc2c633f56a08ae30560c56310562cb4f95500022d5"},
    {file = "numpy-1.26.4-cp311-cp311-macosx_10_9_x86_64.whl", hash = "sha256:4c66707fabe114439db9068ee468c26bbdf909cac0fb58686a42a24de1760c71"},
    {file = "numpy-1.26.4-cp311-cp311-macosx_11_0_arm64.whl", hash = "sha256:edd8b5fe47dab091176d21bb6de568acdd906d1887a4584a15a9a96a1dca06ef"},
    {file = "numpy-1.26.4-cp311-cp311-manylinux_2_17_aarch64.manylinux2014_aarch64.whl", hash = "sha256:7ab55401287bfec946ced39700c053796e7cc0e3acbef09993a9ad2adba6ca6e"},
    {file = "numpy-1.26.4-cp311-cp311-manylinux_2_17_x86_64.manylinux2014_x86_64.whl", hash = "sha256:666dbfb6ec68962c033a450943ded891bed2d54e6755e35e5835d63f4f6931d5"},
    {file = "numpy-1.26.4-cp311-cp311-musllinux_1_1_aarch64.whl", hash = "sha256:96ff0b2ad353d8f990b63294c8986f1ec3cb19d749234014f4e7eb0112ceba5a"},
    {file = "numpy-1.26.4-cp311-cp311-musllinux_1_1_x86_64.whl", hash = "sha256:60dedbb91afcbfdc9bc0b1f3f402804070deed7392c23eb7a7f07fa857868e8a"},
    {file = "numpy-1.26.4-cp311-cp311-win32.whl", hash = "sha256:1af303d6b2210eb850fcf03064d364652b7120803a0b872f5211f5234b399f20"},
    {file = "numpy-1.26.4-cp311-cp311-win_amd64.whl", hash = "sha256:cd25bcecc4974d09257ffcd1f098ee778f7834c3ad767fe5db785be9a4aa9cb2"},
    {file = "numpy-1.26.4-cp312-cp312-macosx_10_9_x86_64.whl", hash = "sha256:b3ce300f3644fb06443ee2222c2201dd3a89ea6040541412b8fa189341847218"},
    {file = "numpy-1.26.4-cp312-cp312-macosx_11_0_arm64.whl", hash = "sha256:03a8c78d01d9781b28a6989f6fa1bb2c4f2d51201cf99d3dd875df6fbd96b23b"},
    {file = "numpy-1.26.4-cp312-cp312-manylinux_2_17_aarch64.manylinux2014_aarch64.whl", hash = "sha256:9fad7dcb1aac3c7f0584a5a8133e3a43eeb2fe127f47e3632d43d677c66c102b"},
    {file = "numpy-1.26.4-cp312-cp312-manylinux_2_17_x86_64.manylinux2014_x86_64.whl", hash = "sha256:675d61ffbfa78604709862923189bad94014bef562cc35cf61d3a07bba02a7ed"},
    {file = "numpy-1.26.4-cp312-cp312-musllinux_1_1_aarch64.whl", hash = "sha256:ab47dbe5cc8210f55aa58e4805fe224dac469cde56b9f731a4c098b91917159a"},
    {file = "numpy-1.26.4-cp312-cp312-musllinux_1_1_x86_64.whl", hash = "sha256:1dda2e7b4ec9dd512f84935c5f126c8bd8b9f2fc001e9f54af255e8c5f16b0e0"},
    {file = "numpy-1.26.4-cp312-cp312-win32.whl", hash = "sha256:50193e430acfc1346175fcbdaa28ffec49947a06918b7b92130744e81e640110"},
    {file = "numpy-1.26.4-cp312-cp312-win_amd64.whl", hash = "sha256:08beddf13648eb95f8d867350f6a018a4be2e5ad54c8d8caed89ebca558b2818"},
    {file = "numpy-1.26.4-cp39-cp39-macosx_10_9_x86_64.whl", hash = "sha256:7349ab0fa0c429c82442a27a9673fc802ffdb7c7775fad780226cb234965e53c"},
    {file = "numpy-1.26.4-cp39-cp39-macosx_11_0_arm64.whl", hash = "sha256:52b8b60467cd7dd1e9ed082188b4e6bb35aa5cdd01777621a1658910745b90be"},
    {file = "numpy-1.26.4-cp39-cp39-manylinux_2_17_aarch64.manylinux2014_aarch64.whl", hash = "sha256:d5241e0a80d808d70546c697135da2c613f30e28251ff8307eb72ba696945764"},
    {file = "numpy-1.26.4-cp39-cp39-manylinux_2_17_x86_64.manylinux2014_x86_64.whl", hash = "sha256:f870204a840a60da0b12273ef34f7051e98c3b5961b61b0c2c1be6dfd64fbcd3"},
    {file = "numpy-1.26.4-cp39-cp39-musllinux_1_1_aarch64.whl", hash = "sha256:679b0076f67ecc0138fd2ede3a8fd196dddc2ad3254069bcb9faf9a79b1cebcd"},
    {file = "numpy-1.26.4-cp39-cp39-musllinux_1_1_x86_64.whl", hash = "sha256:47711010ad8555514b434df65f7d7b076bb8261df1ca9bb78f53d3b2db02e95c"},
    {file = "numpy-1.26.4-cp39-cp39-win32.whl", hash = "sha256:a354325ee03388678242a4d7ebcd08b5c727033fcff3b2f536aea978e15ee9e6"},
    {file = "numpy-1.26.4-cp39-cp39-win_amd64.whl", hash = "sha256:3373d5d70a5fe74a2c1bb6d2cfd9609ecf686d47a2d7b1d37a8f3b6bf6003aea"},
    {file = "numpy-1.26.4-pp39-pypy39_pp73-macosx_10_9_x86_64.whl", hash = "sha256:afedb719a9dcfc7eaf2287b839d8198e06dcd4cb5d276a3df279231138e83d30"},
    {file = "numpy-1.26.4-pp39-pypy39_pp73-manylinux_2_17_x86_64.manylinux2014_x86_64.whl", hash = "sha256:95a7476c59002f2f6c590b9b7b998306fba6a5aa646b1e22ddfeaf8f78c3a29c"},
    {file = "numpy-1.26.4-pp39-pypy39_pp73-win_amd64.whl", hash = "sha256:7e50d0a0cc3189f9cb0aeb3a6a6af18c16f59f004b866cd2be1c14b36134a4a0"},
    {file = "numpy-1.26.4.tar.gz", hash = "sha256:2a02aba9ed12e4ac4eb3ea9421c420301a0c6460d9830d74a9df87efa4912010"},
]

[[package]]
name = "opencv-python"
version = "4.11.0.86"
description = "Wrapper package for OpenCV python bindings."
optional = false
python-versions = ">=3.6"
files = [
    {file = "opencv-python-4.11.0.86.tar.gz", hash = "sha256:03d60ccae62304860d232272e4a4fda93c39d595780cb40b161b310244b736a4"},
    {file = "opencv_python-4.11.0.86-cp37-abi3-macosx_13_0_arm64.whl", hash = "sha256:432f67c223f1dc2824f5e73cdfcd9db0efc8710647d4e813012195dc9122a52a"},
    {file = "opencv_python-4.11.0.86-cp37-abi3-macosx_13_0_x86_64.whl", hash = "sha256:9d05ef13d23fe97f575153558653e2d6e87103995d54e6a35db3f282fe1f9c66"},
    {file = "opencv_python-4.11.0.86-cp37-abi3-manylinux_2_17_aarch64.manylinux2014_aarch64.whl", hash = "sha256:1b92ae2c8852208817e6776ba1ea0d6b1e0a1b5431e971a2a0ddd2a8cc398202"},
    {file = "opencv_python-4.11.0.86-cp37-abi3-manylinux_2_17_x86_64.manylinux2014_x86_64.whl", hash = "sha256:6b02611523803495003bd87362db3e1d2a0454a6a63025dc6658a9830570aa0d"},
    {file = "opencv_python-4.11.0.86-cp37-abi3-win32.whl", hash = "sha256:810549cb2a4aedaa84ad9a1c92fbfdfc14090e2749cedf2c1589ad8359aa169b"},
    {file = "opencv_python-4.11.0.86-cp37-abi3-win_amd64.whl", hash = "sha256:085ad9b77c18853ea66283e98affefe2de8cc4c1f43eda4c100cf9b2721142ec"},
]

[package.dependencies]
numpy = [
    {version = ">=1.26.0", markers = "python_version >= \"3.12\""},
    {version = ">=1.23.5", markers = "python_version >= \"3.11\" and python_version < \"3.12\""},
    {version = ">=1.21.4", markers = "python_version >= \"3.10\" and platform_system == \"Darwin\" and python_version < \"3.11\""},
    {version = ">=1.21.2", markers = "platform_system != \"Darwin\" and python_version >= \"3.10\" and python_version < \"3.11\""},
]

[[package]]
name = "packaging"
version = "26.0"
description = "Core utilities for Python packages"
optional = false
python-versions = ">=3.8"
files = [
    {file = "packaging-26.0-py3-none-any.whl", hash = "sha256:b36f1fef9334a5588b4166f8bcd26a14e521f2b55e6b9de3aaa80d3ff7a37529"},
    {file = "packaging-26.0.tar.gz", hash = "sha256:00243ae351a257117b6a241061796684b084ed1c516a08c48a3f7e147a9d80b4"},
]

[[package]]
name = "pco"
version = "2.2.1"
description = "This class provides methods for using pco cameras."
optional = true
python-versions = "*"
files = [
    {file = "pco-2.2.1-py3-none-any.whl", hash = "sha256:83845cec8a6f59642fd928c8f0e6666d672485b4e3cd0f5c96988a563cb57054"},
    {file = "pco-2.2.1.tar.gz", hash = "sha256:ed8a9162a2890acabc268e79bc1ce8285a009515fa8edc17c9367821a80e0031"},
]

[package.dependencies]
numpy = ">=1.20"

[[package]]
name = "pefile"
version = "2024.8.26"
description = "Python PE parsing module"
optional = false
python-versions = ">=3.6.0"
files = [
    {file = "pefile-2024.8.26-py3-none-any.whl", hash = "sha256:76f8b485dcd3b1bb8166f1128d395fa3d87af26360c2358fb75b80019b957c6f"},
    {file = "pefile-2024.8.26.tar.gz", hash = "sha256:3ff6c5d8b43e8c37bb6e6dd5085658d658a7a0bdcd20b6a07b1fcfc1c4e9d632"},
]

[[package]]
name = "pluggy"
version = "1.6.0"
description = "plugin and hook calling mechanisms for python"
optional = false
python-versions = ">=3.9"
files = [
    {file = "pluggy-1.6.0-py3-none-any.whl", hash = "sha256:e920276dd6813095e9377c0bc5566d94c932c33b27a3e3945d8389c374dd4746"},
    {file = "pluggy-1.6.0.tar.gz", hash = "sha256:7dcc130b76258d33b90f61b658791dede3486c3e6bfb003ee5c9bfb396dd22f3"},
]

[package.extras]
dev = ["pre-commit", "tox"]
testing = ["coverage", "pytest", "pytest-benchmark"]

[[package]]
name = "pyinstaller"
version = "6.18.0"
description = "PyInstaller bundles a Python application and all its dependencies into a single package."
optional = false
python-versions = "<3.15,>=3.8"
files = [
    {file = "pyinstaller-6.18.0-py3-none-macosx_10_13_universal2.whl", hash = "sha256:cb7aa5a71bfa7c0af17a4a4e21855663c89e4bd7c40f1d337c8370636d8847c3"},
    {file = "pyinstaller-6.18.0-py3-none-manylinux2014_aarch64.whl", hash = "sha256:07785459b3bf8a48889eac0b4d0667ade84aef8930ce030bc7cbb32f41283b33"},
    {file = "pyinstaller-6.18.0-py3-none-manylinux2014_i686.whl", hash = "sha256:f998675b7ccb2dabbb1dc2d6f18af61d55428ad6d38e6c4d700417411b697d37"},
    {file = "pyinstaller-6.18.0-py3-none-manylinux2014_ppc64le.whl", hash = "sha256:779817a0cf69604cddcdb5be1fd4959dc2ce048d6355c73e5da97884df2f3387"},
    {file = "pyinstaller-6.18.0-py3-none-manylinux2014_s390x.whl", hash = "sha256:31b5d109f8405be0b7cddcede43e7b074792bc9a5bbd54ec000a3e779183c2af"},
    {file = "pyinstaller-6.18.0-py3-none-manylinux2014_x86_64.whl", hash = "sha256:4328c9837f1aef4fe1a127d4ff1b09a12ce53c827ce87c94117628b0e1fd098b"},
    {file = "pyinstaller-6.18.0-py3-none-musllinux_1_1_aarch64.whl", hash = "sha256:3638fc81eb948e5e5eab1d4ad8f216e3fec6d4a350648304f0adb227b746ee5e"},
    {file = "pyinstaller-6.18.0-py3-none-musllinux_1_1_x86_64.whl", hash = "sha256:8fbe59da34269e637f97fd3c43024f764586fc319141d245ff1a2e9af1036aa3"},
    {file = "pyinstaller-6.18.0-py3-none-win32.whl", hash = "sha256:496205e4fa92ec944f9696eb597962a83aef4d4c3479abfab83d730e1edf016b"},
    {file = "pyinstaller-6.18.0-py3-none-win_amd64.whl", hash = "sha256:976fabd90ecfbda47571c87055ad73413ec615ff7dea35e12a4304174de78de9"},
    {file = "pyinstaller-6.18.0-py3-none-win_arm64.whl", hash = "sha256:dba4b70e3c9ba09aab51152c72a08e58a751851548f77ad35944d32a300c8381"},
    {file = "pyinstaller-6.18.0.tar.gz", hash = "sha256:cdc507542783511cad4856fce582fdc37e9f29665ca596889c663c83ec8c6ec9"},
]

[package.dependencies]
altgraph = "*"
macholib = {version = ">=1.8", markers = "sys_platform == \"darwin\""}
packaging = ">=22.0"
pefile = {version = ">=2022.5.30", markers = "sys_platform == \"win32\""}
pyinstaller-hooks-contrib = ">=2025.9"
pywin32-ctypes = {version = ">=0.2.1", markers = "sys_platform == \"win32\""}
setuptools = ">=42.0.0"

[package.extras]
completion = ["argcomplete"]
hook-testing = ["execnet (>=1.5.0)", "psutil", "pytest (>=2.7.3)"]

[[package]]
name = "pyinstaller-hooks-contrib"
version = "2026.0"
description = "Community maintained hooks for PyInstaller"
optional = false
python-versions = ">=3.8"
files = [
    {file = "pyinstaller_hooks_contrib-2026.0-py3-none-any.whl", hash = "sha256:0590db8edeba3e6c30c8474937021f5cd39c0602b4d10f74a064c73911efaca5"},
    {file = "pyinstaller_hooks_contrib-2026.0.tar.gz", hash = "sha256:0120893de491a000845470ca9c0b39284731ac6bace26f6849dea9627aaed48e"},
]

[package.dependencies]
packaging = ">=22.0"
setuptools = ">=42.0.0"

[[package]]
name = "pyobjc-core"
version = "12.1"
description = "Python<->ObjC Interoperability Module"
optional = false
python-versions = ">=3.10"
files = [
    {file = "pyobjc_core-12.1-cp310-cp310-macosx_10_9_universal2.whl", hash = "sha256:93418e79c1655f66b4352168f8c85c942707cb1d3ea13a1da3e6f6a143bacda7"},
    {file = "pyobjc_core-12.1-cp311-cp311-macosx_10_9_universal2.whl", hash = "sha256:c918ebca280925e7fcb14c5c43ce12dcb9574a33cccb889be7c8c17f3bcce8b6"},
    {file = "pyobjc_core-12.1-cp312-cp312-macosx_10_13_universal2.whl", hash = "sha256:818bcc6723561f207e5b5453efe9703f34bc8781d11ce9b8be286bb415eb4962"},
    {file = "pyobjc_core-12.1-cp313-cp313-macosx_10_13_universal2.whl", hash = "sha256:01c0cf500596f03e21c23aef9b5f326b9fb1f8f118cf0d8b66749b6cf4cbb37a"},
    {file = "pyobjc_core-12.1-cp313-cp313t-macosx_10_13_universal2.whl", hash = "sha256:177aaca84bb369a483e4961186704f64b2697708046745f8167e818d968c88fc"},
    {file = "pyobjc_core-12.1-cp314-cp314-macosx_10_15_universal2.whl", hash = "sha256:844515f5d86395b979d02152576e7dee9cc679acc0b32dc626ef5bda315eaa43"},
    {file = "pyobjc_core-12.1-cp314-cp314t-macosx_10_15_universal2.whl", hash = "sha256:453b191df1a4b80e756445b935491b974714456ae2cbae816840bd96f86db882"},
    {file = "pyobjc_core-12.1.tar.gz", hash = "sha256:2bb3903f5387f72422145e1466b3ac3f7f0ef2e9960afa9bcd8961c5cbf8bd21"},
]

[[package]]
name = "pyobjc-framework-avfoundation"
version = "10.3.2"
description = "Wrappers for the framework AVFoundation on macOS"
optional = false
python-versions = ">=3.8"
files = [
    {file = "pyobjc_framework_AVFoundation-10.3.2-cp313-cp313t-macosx_10_13_universal2.whl", hash = "sha256:e64797d5ec23d8eb5162e14107c1979244c7a09cce2f7ed3bb3fbbb45ba1fec7"},
    {file = "pyobjc_framework_AVFoundation-10.3.2-cp36-abi3-macosx_10_13_universal2.whl", hash = "sha256:1a357b4264909c9f29a467d6706e12a822c1d6b9b9b274dd5892500cc9265681"},
    {file = "pyobjc_framework_AVFoundation-10.3.2-cp36-abi3-macosx_10_9_universal2.whl", hash = "sha256:cf41bd0c3e1269d892bd112c893507f8a3991244a9217d103dc2beb4366a8769"},
    {file = "pyobjc_framework_AVFoundation-10.3.2-cp36-abi3-macosx_10_9_x86_64.whl", hash = "sha256:4c257341a4baeb10371e4bd8eaa89a077a1fb8095a0ebed15117b7cb424e0b57"},
    {file = "pyobjc_framework_AVFoundation-10.3.2-cp36-abi3-macosx_11_0_universal2.whl", hash = "sha256:50a4e245d5e65f525e23c9bda78ccfbaf3492b661cb006f2c9b6f0d9c9d368f8"},
    {file = "pyobjc_framework_avfoundation-10.3.2.tar.gz", hash = "sha256:e4baa1cb8d63c2b366f90341dee54a646004ad02d4b01119c79904cb869e7a6a"},
]

[package.dependencies]
pyobjc-core = ">=10.3.2"
pyobjc-framework-Cocoa = ">=10.3.2"
pyobjc-framework-CoreAudio = ">=10.3.2"
pyobjc-framework-CoreMedia = ">=10.3.2"
pyobjc-framework-Quartz = ">=10.3.2"

[[package]]
name = "pyobjc-framework-cocoa"
version = "12.1"
description = "Wrappers for the Cocoa frameworks on macOS"
optional = false
python-versions = ">=3.10"
files = [
    {file = "pyobjc_framework_cocoa-12.1-cp310-cp310-macosx_10_9_universal2.whl", hash = "sha256:9b880d3bdcd102809d704b6d8e14e31611443aa892d9f60e8491e457182fdd48"},
    {file = "pyobjc_framework_cocoa-12.1-cp311-cp311-macosx_10_9_universal2.whl", hash = "sha256:f52228bcf38da64b77328787967d464e28b981492b33a7675585141e1b0a01e6"},
    {file = "pyobjc_framework_cocoa-12.1-cp312-cp312-macosx_10_13_universal2.whl", hash = "sha256:547c182837214b7ec4796dac5aee3aa25abc665757b75d7f44f83c994bcb0858"},
    {file = "pyobjc_framework_cocoa-12.1-cp313-cp313-macosx_10_13_universal2.whl", hash = "sha256:5a3dcd491cacc2f5a197142b3c556d8aafa3963011110102a093349017705118"},
    {file = "pyobjc_framework_cocoa-12.1-cp313-cp313t-macosx_10_13_universal2.whl", hash = "sha256:914b74328c22d8ca261d78c23ef2befc29776e0b85555973927b338c5734ca44"},
    {file = "pyobjc_framework_cocoa-12.1-cp314-cp314-macosx_10_15_universal2.whl", hash = "sha256:03342a60fc0015bcdf9b93ac0b4f457d3938e9ef761b28df9564c91a14f0129a"},
    {file = "pyobjc_framework_cocoa-12.1-cp314-cp314t-macosx_10_15_universal2.whl", hash = "sha256:6ba1dc1bfa4da42d04e93d2363491275fb2e2be5c20790e561c8a9e09b8cf2cc"},
    {file = "pyobjc_framework_cocoa-12.1.tar.gz", hash = "sha256:5556c87db95711b985d5efdaaf01c917ddd41d148b1e52a0c66b1a2e2c5c1640"},
]

[package.dependencies]
pyobjc-core = ">=12.1"

[[package]]
name = "pyobjc-framework-coreaudio"
version = "12.1"
description = "Wrappers for the framework CoreAudio on macOS"
optional = false
python-versions = ">=3.10"
files = [
    {file = "pyobjc_framework_coreaudio-12.1-cp310-cp310-macosx_10_9_universal2.whl", hash = "sha256:d676c85bb9dc51217d94adc3b5b60e7e5b59a81167446f06821b2687d92641d3"},
    {file = "pyobjc_framework_coreaudio-12.1-cp311-cp311-macosx_10_9_universal2.whl", hash = "sha256:a452de6b509fa4a20160c0410b72330ac871696cd80237883955a5b3a4de8f2a"},
    {file = "pyobjc_framework_coreaudio-12.1-cp312-cp312-macosx_10_13_universal2.whl", hash = "sha256:a5ad6309779663f846ab36fe6c49647e470b7e08473c3e48b4f004017bdb68a4"},
    {file = "pyobjc_framework_coreaudio-12.1-cp313-cp313-macosx_10_13_universal2.whl", hash = "sha256:3d8ef424850c8ae2146f963afaec6c4f5bf0c2e412871e68fb6ecfb209b8376f"},
    {file = "pyobjc_framework_coreaudio-12.1-cp313-cp313t-macosx_10_13_universal2.whl", hash = "sha256:6552624df39dbc68ff9328f244ba56f59234ecbde8455db1e617a71bc4f3dd3a"},
    {file = "pyobjc_framework_coreaudio-12.1-cp314-cp314-macosx_10_15_universal2.whl", hash = "sha256:78ea67483a5deb21625c189328152008d278fe1da4304da9fcc1babd12627038"},
    {file = "pyobjc_framework_coreaudio-12.1-cp314-cp314t-macosx_10_15_universal2.whl", hash = "sha256:8d81b0d0296ab4571a4ff302e5cdb52386e486eb8749e99b95b9141438558ca2"},
    {file = "pyobjc_framework_coreaudio-12.1.tar.gz", hash = "sha256:a9e72925fcc1795430496ce0bffd4ddaa92c22460a10308a7283ade830089fe1"},
]

[package.dependencies]
pyobjc-core = ">=12.1"
pyobjc-framework-Cocoa = ">=12.1"

[[package]]
name = "pyobjc-framework-coremedia"
version = "10.3.2"
description = "Wrappers for the framework CoreMedia on macOS"
optional = false
python-versions = ">=3.8"
files = [
    {file = "pyobjc_framework_CoreMedia-10.3.2-cp310-cp310-macosx_10_9_universal2.whl", hash = "sha256:e50e293df5dd6a3b37f8850f52793e02f66214be5c01100ec81e853ff9cbc1da"},
    {file = "pyobjc_framework_CoreMedia-10.3.2-cp311-cp311-macosx_10_9_universal2.whl", hash = "sha256:62f4c0307a789bf13eaaac0674aadb9067535bbcb02c511a0cf2a3520bb3a839"},
    {file = "pyobjc_framework_CoreMedia-10.3.2-cp312-cp312-macosx_10_13_universal2.whl", hash = "sha256:b2af51e1169824bec72c1f814a633ca616e93e1489f35ecdd006a16403f70d97"},
    {file = "pyobjc_framework_CoreMedia-10.3.2-cp313-cp313-macosx_10_13_universal2.whl", hash = "sha256:74d37893cd673de232fee25f9c782841971791164c1e9106893135269e7d776e"},
    {file = "pyobjc_framework_CoreMedia-10.3.2-cp313-cp313t-macosx_10_13_universal2.whl", hash = "sha256:a92ed6e87f6d668e9a203e3abbbedde98c341af18f440fa6b0a8439c674d89d8"},
    {file = "pyobjc_framework_CoreMedia-10.3.2-cp38-cp38-macosx_10_9_x86_64.whl", hash = "sha256:7e3c39ed7bbd4e8f93195fec62376c91ed60ec5fc1047765dce3e7841fd03a42"},
    {file = "pyobjc_framework_CoreMedia-10.3.2-cp38-cp38-macosx_11_0_universal2.whl", hash = "sha256:bdf1ed7169fbb73ebc92302d1426caf835c1b622585fe1e1b4dc4c07637aac95"},
    {file = "pyobjc_framework_CoreMedia-10.3.2-cp39-cp39-macosx_10_9_universal2.whl", hash = "sha256:864262afb6ac310616454d1e0836609169c0328e8f1c0e87f305aadd24b56d20"},
    {file = "pyobjc_framework_coremedia-10.3.2.tar.gz", hash = "sha256:cf69753c12cd193df5ff25eb8f6da857c9aa93e73b8e497ddd77a3f48d1b171c"},
]

[package.dependencies]
pyobjc-core = ">=10.3.2"
pyobjc-framework-Cocoa = ">=10.3.2"

[[package]]
name = "pyobjc-framework-libdispatch"
version = "10.3.2"
description = "Wrappers for libdispatch on macOS"
optional = false
python-versions = ">=3.8"
files = [
    {file = "pyobjc_framework_libdispatch-10.3.2-cp310-cp310-macosx_10_9_universal2.whl", hash = "sha256:35233a8b1135567c7696087f924e398799467c7f129200b559e8e4fa777af860"},
    {file = "pyobjc_framework_libdispatch-10.3.2-cp311-cp311-macosx_10_9_universal2.whl", hash = "sha256:061f6aa0f88d11d993e6546ec734303cb8979f40ae0f5cd23541236a6b426abd"},
    {file = "pyobjc_framework_libdispatch-10.3.2-cp312-cp312-macosx_10_13_universal2.whl", hash = "sha256:6bb528f34538f35e1b79d839dbfc398dd426990e190d9301fe2d811fddc3da62"},
    {file = "pyobjc_framework_libdispatch-10.3.2-cp313-cp313-macosx_10_13_universal2.whl", hash = "sha256:1357729d5fded08fbf746834ebeef27bee07d6acb991f3b8366e8f4319d882c4"},
    {file = "pyobjc_framework_libdispatch-10.3.2-cp313-cp313t-macosx_10_13_universal2.whl", hash = "sha256:210398f9e1815ceeff49b578bf51c2d6a4a30d4c33f573da322f3d7da1add121"},
    {file = "pyobjc_framework_libdispatch-10.3.2-cp38-cp38-macosx_10_9_x86_64.whl", hash = "sha256:e7ae5988ac0b369ad40ce5497af71864fac45c289fa52671009b427f03d6871f"},
    {file = "pyobjc_framework_libdispatch-10.3.2-cp38-cp38-macosx_11_0_universal2.whl", hash = "sha256:f9d51d52dff453a4b19c096171a6cd31dd5e665371c00c1d72d480e1c22cd3d4"},
    {file = "pyobjc_framework_libdispatch-10.3.2-cp39-cp39-macosx_10_9_universal2.whl", hash = "sha256:ef755bcabff2ea8db45603a8294818e0eeae85bf0b7b9d59e42f5947a26e33b9"},
    {file = "pyobjc_framework_libdispatch-10.3.2.tar.gz", hash = "sha256:e9f4311fbf8df602852557a98d2a64f37a9d363acf4d75634120251bbc7b7304"},
]

[package.dependencies]
pyobjc-core = ">=10.3.2"
pyobjc-framework-Cocoa = ">=10.3.2"

[[package]]
name = "pyobjc-framework-quartz"
version = "10.3.2"
description = "Wrappers for the Quartz frameworks on macOS"
optional = false
python-versions = ">=3.8"
files = [
    {file = "pyobjc_framework_Quartz-10.3.2-cp310-cp310-macosx_10_9_universal2.whl", hash = "sha256:5574754c23895269751c2b78d2d2b33b6de415f562534a1432484558f0a5a293"},
    {file = "pyobjc_framework_Quartz-10.3.2-cp311-cp311-macosx_10_9_universal2.whl", hash = "sha256:4697f3ef1991f7877c201778005dc4098ced3d19d938ebf916384c8f795488d3"},
    {file = "pyobjc_framework_Quartz-10.3.2-cp312-cp312-macosx_10_13_universal2.whl", hash = "sha256:604188ee8ff051ffe74a12cb3274403fe9c3fa02b15fc4132685c0f74285ffe5"},
    {file = "pyobjc_framework_Quartz-10.3.2-cp313-cp313-macosx_10_13_universal2.whl", hash = "sha256:9e27fb446e012c9571bc163cff5f3036e9e6fa5caca06b5d7882ad1c6b6aaf0c"},
    {file = "pyobjc_framework_Quartz-10.3.2-cp313-cp313t-macosx_10_13_universal2.whl", hash = "sha256:d5bd6ef96a3d08c97cf2aca43a819113cdff494b5abebcedd7cf23b6d6e711f4"},
    {file = "pyobjc_framework_Quartz-10.3.2-cp38-cp38-macosx_10_9_x86_64.whl", hash = "sha256:d3b55ec27cffff18d98d73694001a211ad4cdf717f7d8ad76235f845771d8b5d"},
    {file = "pyobjc_framework_Quartz-10.3.2-cp38-cp38-macosx_11_0_universal2.whl", hash = "sha256:a58826db7e71de4654e5215b46f00f7825b17991078c9ba74ca729a4da024f82"},
    {file = "pyobjc_framework_Quartz-10.3.2-cp39-cp39-macosx_10_9_universal2.whl", hash = "sha256:6ede1001c28d27fc76f89a3243b3127dbd7dd03f39a3324766ae895cdcd1ebf1"},
    {file = "pyobjc_framework_quartz-10.3.2.tar.gz", hash = "sha256:193e7752c93e2d1304f914e3a8c069f4b66de237376c5285ba7c72e9ee0e3b15"},
]

[package.dependencies]
pyobjc-core = ">=10.3.2"
pyobjc-framework-Cocoa = ">=10.3.2"

[[package]]
name = "pyserial"
version = "3.5"
description = "Python Serial Port Extension"
optional = false
python-versions = "*"
files = [
    {file = "pyserial-3.5-py2.py3-none-any.whl", hash = "sha256:c4451db6ba391ca6ca299fb3ec7bae67a5c55dde170964c7a14ceefec02f2cf0"},
    {file = "pyserial-3.5.tar.gz", hash = "sha256:3c77e014170dfffbd816e6ffc205e9842efb10be9f58ec16d3e8675b4925cddb"},
]

[package.extras]
cp2110 = ["hidapi"]

[[package]]
name = "pytest"
version = "7.4.4"
description = "pytest: simple powerful testing with Python"
optional = false
python-versions = ">=3.7"
files = [
    {file = "pytest-7.4.4-py3-none-any.whl", hash = "sha256:b090cdf5ed60bf4c45261be03239c2c1c22df034fbffe691abe93cd80cea01d8"},
    {file = "pytest-7.4.4.tar.gz", hash = "sha256:2cf0005922c6ace4a3e2ec8b4080eb0d9753fdc93107415332f50ce9e7994280"},
]

[package.dependencies]
colorama = {version = "*", markers = "sys_platform == \"win32\""}
exceptiongroup = {version = ">=1.0.0rc8", markers = "python_version < \"3.11\""}
iniconfig = "*"
packaging = "*"
pluggy = ">=0.12,<2.0"
tomli = {version = ">=1.0.0", markers = "python_version < \"3.11\""}

[package.extras]
testing = ["argcomplete", "attrs (>=19.2.0)", "hypothesis (>=3.56)", "mock", "nose", "pygments (>=2.7.2)", "requests", "setuptools", "xmlschema"]

[[package]]
name = "pywin32-ctypes"
version = "0.2.3"
description = "A (partial) reimplementation of pywin32 using ctypes/cffi"
optional = false
python-versions = ">=3.6"
files = [
    {file = "pywin32-ctypes-0.2.3.tar.gz", hash = "sha256:d162dc04946d704503b2edc4d55f3dba5c1d539ead017afa00142c38b9885755"},
    {file = "pywin32_ctypes-0.2.3-py3-none-any.whl", hash = "sha256:8a1513379d709975552d202d942d9837758905c8d01eb82b8bcc30918929e7b8"},
]

[[package]]
name = "ruff"
version = "0.1.15"
description = "An extremely fast Python linter and code formatter, written in Rust."
optional = false
python-versions = ">=3.7"
files = [
    {file = "ruff-0.1.15-py3-none-macosx_10_12_x86_64.macosx_11_0_arm64.macosx_10_12_universal2.whl", hash = "sha256:5fe8d54df166ecc24106db7dd6a68d44852d14eb0729ea4672bb4d96c320b7df"},
    {file = "ruff-0.1.15-py3-none-macosx_10_12_x86_64.whl", hash = "sha256:6f0bfbb53c4b4de117ac4d6ddfd33aa5fc31beeaa21d23c45c6dd249faf9126f"},
    {file = "ruff-0.1.15-py3-none-manylinux_2_17_aarch64.manylinux2014_aarch64.whl", hash = "sha256:e0d432aec35bfc0d800d4f70eba26e23a352386be3a6cf157083d18f6f5881c8"},
    {file = "ruff-0.1.15-py3-none-manylinux_2_17_armv7l.manylinux2014_armv7l.whl", hash = "sha256:9405fa9ac0e97f35aaddf185a1be194a589424b8713e3b97b762336ec79ff807"},
    {file = "ruff-0.1.15-py3-none-manylinux_2_17_i686.manylinux2014_i686.whl", hash = "sha256:c66ec24fe36841636e814b8f90f572a8c0cb0e54d8b5c2d0e300d28a0d7bffec"},
    {file = "ruff-0.1.15-py3-none-manylinux_2_17_ppc64.manylinux2014_ppc64.whl", hash = "sha256:6f8ad828f01e8dd32cc58bc28375150171d198491fc901f6f98d2a39ba8e3ff5"},
    {file = "ruff-0.1.15-py3-none-manylinux_2_17_ppc64le.manylinux2014_ppc64le.whl", hash = "sha256:86811954eec63e9ea162af0ffa9f8d09088bab51b7438e8b6488b9401863c25e"},
    {file = "ruff-0.1.15-py3-none-manylinux_2_17_s390x.manylinux2014_s390x.whl", hash = "sha256:fd4025ac5e87d9b80e1f300207eb2fd099ff8200fa2320d7dc066a3f4622dc6b"},
    {file = "ruff-0.1.15-py3-none-manylinux_2_17_x86_64.manylinux2014_x86_64.whl", hash = "sha256:b17b93c02cdb6aeb696effecea1095ac93f3884a49a554a9afa76bb125c114c1"},
    {file = "ruff-0.1.15-py3-none-musllinux_1_2_aarch64.whl", hash = "sha256:ddb87643be40f034e97e97f5bc2ef7ce39de20e34608f3f829db727a93fb82c5"},
    {file = "ruff-0.1.15-py3-none-musllinux_1_2_armv7l.whl", hash = "sha256:abf4822129ed3a5ce54383d5f0e964e7fef74a41e48eb1dfad404151efc130a2"},
    {file = "ruff-0.1.15-py3-none-musllinux_1_2_i686.whl", hash = "sha256:6c629cf64bacfd136c07c78ac10a54578ec9d1bd2a9d395efbee0935868bf852"},
    {file = "ruff-0.1.15-py3-none-musllinux_1_2_x86_64.whl", hash = "sha256:1bab866aafb53da39c2cadfb8e1c4550ac5340bb40300083eb8967ba25481447"},
    {file = "ruff-0.1.15-py3-none-win32.whl", hash = "sha256:2417e1cb6e2068389b07e6fa74c306b2810fe3ee3476d5b8a96616633f40d14f"},
    {file = "ruff-0.1.15-py3-none-win_amd64.whl", hash = "sha256:3837ac73d869efc4182d9036b1405ef4c73d9b1f88da2413875e34e0d6919587"},
    {file = "ruff-0.1.15-py3-none-win_arm64.whl", hash = "sha256:9a933dfb1c14ec7a33cceb1e49ec4a16b51ce3c20fd42663198746efc0427360"},
    {file = "ruff-0.1.15.tar.gz", hash = "sha256:f6dfa8c1b21c913c326919056c390966648b680966febcb796cc9d1aaab8564e"},
]

[[package]]
name = "setuptools"
version = "80.10.2"
description = "Easily download, build, install, upgrade, and uninstall Python packages"
optional = false
python-versions = ">=3.9"
files = [
    {file = "setuptools-80.10.2-py3-none-any.whl", hash = "sha256:95b30ddfb717250edb492926c92b5221f7ef3fbcc2b07579bcd4a27da21d0173"},
    {file = "setuptools-80.10.2.tar.gz", hash = "sha256:8b0e9d10c784bf7d262c4e5ec5d4ec94127ce206e8738f29a437945fbc219b70"},
]

[package.extras]
check = ["pytest-checkdocs (>=2.4)", "pytest-ruff (>=0.2.1)", "ruff (>=0.8.0)"]
core = ["importlib_metadata (>=6)", "jaraco.functools (>=4)", "jaraco.text (>=3.7)", "more_itertools", "more_itertools (>=8.8)", "packaging (>=24.2)", "platformdirs (>=4.2.2)", "tomli (>=2.0.1)", "wheel (>=0.43.0)"]
cover = ["pytest-cov"]
doc = ["furo", "jaraco.packaging (>=9.3)", "jaraco.tidelift (>=1.4)", "pygments-github-lexers (==0.0.5)", "pyproject-hooks (!=1.1)", "rst.linker (>=1.9)", "sphinx (>=3.5)", "sphinx-favicon", "sphinx-inline-tabs", "sphinx-lint", "sphinx-notfound-page (>=1,<2)", "sphinx-reredirects", "sphinxcontrib-towncrier", "towncrier (<24.7)"]
enabler = ["pytest-enabler (>=2.2)"]
test = ["build[virtualenv] (>=1.0.3)", "filelock (>=3.4.0)", "ini2toml[lite] (>=0.14)", "jaraco.develop (>=7.21)", "jaraco.envs (>=2.2)", "jaraco.path (>=3.7.2)", "jaraco.test (>=5.5)", "packaging (>=24.2)", "pip (>=19.1)", "pyproject-hooks (!=1.1)", "pytest (>=6,!=8.1.*)", "pytest-home (>=0.5)", "pytest-perf", "pytest-subprocess", "pytest-timeout", "pytest-xdist (>=3)", "tomli-w (>=1.0.0)", "virtualenv (>=13.0.0)", "wheel (>=0.44.0)"]
type = ["importlib_metadata (>=7.0.2)", "jaraco.develop (>=7.21)", "mypy (==1.14.*)", "pytest-mypy"]

[[package]]
name = "tomli"
version = "2.4.0"
description = "A lil' TOML parser"
optional = false
python-versions = ">=3.8"
files = [
    {file = "tomli-2.4.0-cp311-cp311-macosx_10_9_x86_64.whl", hash = "sha256:b5ef256a3fd497d4973c11bf142e9ed78b150d36f5773f1ca6088c230ffc5867"},
    {file = "tomli-2.4.0-cp311-cp311-macosx_11_0_arm64.whl", hash = "sha256:5572e41282d5268eb09a697c89a7bee84fae66511f87533a6f88bd2f7b652da9"},
    {file = "tomli-2.4.0-cp311-cp311-manylinux2014_aarch64.manylinux_2_17_aarch64.manylinux_2_28_aarch64.whl", hash = "sha256:551e321c6ba03b55676970b47cb1b73f14a0a4dce6a3e1a9458fd6d921d72e95"},
    {file = "tomli-2.4.0-cp311-cp311-manylinux2014_x86_64.manylinux_2_17_x86_64.manylinux_2_28_x86_64.whl", hash = "sha256:5e3f639a7a8f10069d0e15408c0b96a2a828cfdec6fca05296ebcdcc28ca7c76"},
    {file = "tomli-2.4.0-cp311-cp311-musllinux_1_2_aarch64.whl", hash = "sha256:1b168f2731796b045128c45982d3a4874057626da0e2ef1fdd722848b741361d"},
    {file = "tomli-2.4.0-cp311-cp311-musllinux_1_2_x86_64.whl", hash = "sha256:133e93646ec4300d651839d382d63edff11d8978be23da4cc106f5a18b7d0576"},
    {file = "tomli-2.4.0-cp311-cp311-win32.whl", hash = "sha256:b6c78bdf37764092d369722d9946cb65b8767bfa4110f902a1b2542d8d173c8a"},
    {file = "tomli-2.4.0-cp311-cp311-win_amd64.whl", hash = "sha256:d3d1654e11d724760cdb37a3d7691f0be9db5fbdaef59c9f532aabf87006dbaa"},
    {file = "tomli-2.4.0-cp311-cp311-win_arm64.whl", hash = "sha256:cae9c19ed12d4e8f3ebf46d1a75090e4c0dc16271c5bce1c833ac168f08fb614"},
    {file = "tomli-2.4.0-cp312-cp312-macosx_10_13_x86_64.whl", hash = "sha256:920b1de295e72887bafa3ad9f7a792f811847d57ea6b1215154030cf131f16b1"},
    {file = "tomli-2.4.0-cp312-cp312-macosx_11_0_arm64.whl", hash = "sha256:7d6d9a4aee98fac3eab4952ad1d73aee87359452d1c086b5ceb43ed02ddb16b8"},
    {file = "tomli-2.4.0-cp312-cp312-manylinux2014_aarch64.manylinux_2_17_aarch64.manylinux_2_28_aarch64.whl", hash = "sha256:36b9d05b51e65b254ea6c2585b59d2c4cb91c8a3d91d0ed0f17591a29aaea54a"},
    {file = "tomli-2.4.0-cp312-cp312-manylinux2014_x86_64.manylinux_2_17_x86_64.manylinux_2_28_x86_64.whl", hash = "sha256:1c8a885b370751837c029ef9bc014f27d80840e48bac415f3412e6593bbc18c1"},
    {file = "tomli-2.4.0-cp312-cp312-musllinux_1_2_aarch64.whl", hash = "sha256:8768715ffc41f0008abe25d808c20c3d990f42b6e2e58305d5da280ae7d1fa3b"},
    {file = "tomli-2.4.0-cp312-cp312-musllinux_1_2_x86_64.whl", hash = "sha256:7b438885858efd5be02a9a133caf5812b8776ee0c969fea02c45e8e3f296ba51"},
    {file = "tomli-2.4.0-cp312-cp312-win32.whl", hash = "sha256:0408e3de5ec77cc7f81960c362543cbbd91ef883e3138e81b729fc3eea5b9729"},
    {file = "tomli-2.4.0-cp312-cp312-win_amd64.whl", hash = "sha256:685306e2cc7da35be4ee914fd34ab801a6acacb061b6a7abca922aaf9ad368da"},
    {file = "tomli-2.4.0-cp312-cp312-win_arm64.whl", hash = "sha256:5aa48d7c2356055feef06a43611fc401a07337d5b006be13a30f6c58f869e3c3"},
    {file = "tomli-2.4.0-cp313-cp313-macosx_10_13_x86_64.whl", hash = "sha256:84d081fbc252d1b6a982e1870660e7330fb8f90f676f6e78b052ad4e64714bf0"},
    {file = "tomli-2.4.0-cp313-cp313-macosx_11_0_arm64.whl", hash = "sha256:9a08144fa4cba33db5255f9b74f0b89888622109bd2776148f2597447f92a94e"},
    {file = "tomli-2.4.0-cp313-cp313-manylinux2014_aarch64.manylinux_2_17_aarch64.manylinux_2_28_aarch64.whl", hash = "sha256:c73add4bb52a206fd0c0723432db123c0c75c280cbd67174dd9d2db228ebb1b4"},
    {file = "tomli-2.4.0-cp313-cp313-manylinux2014_x86_64.manylinux_2_17_x86_64.manylinux_2_28_x86_64.whl", hash = "sha256:1fb2945cbe303b1419e2706e711b7113da57b7db31ee378d08712d678a34e51e"},
    {file = "tomli-2.4.0-cp313-cp313-musllinux_1_2_aarch64.whl", hash = "sha256:bbb1b10aa643d973366dc2cb1ad94f99c1726a02343d43cbc011edbfac579e7c"},
    {file = "tomli-2.4.0-cp313-cp313-musllinux_1_2_x86_64.whl", hash = "sha256:4cbcb367d44a1f0c2be408758b43e1ffb5308abe0ea222897d6bfc8e8281ef2f"},
    {file = "tomli-2.4.0-cp313-cp313-win32.whl", hash = "sha256:7d49c66a7d5e56ac959cb6fc583aff0651094ec071ba9ad43df785abc2320d86"},
    {file = "tomli-2.4.0-cp313-cp313-win_amd64.whl", hash = "sha256:3cf226acb51d8f1c394c1b310e0e0e61fecdd7adcb78d01e294ac297dd2e7f87"},
    {file = "tomli-2.4.0-cp313-cp313-win_arm64.whl", hash = "sha256:d20b797a5c1ad80c516e41bc1fb0443ddb5006e9aaa7bda2d71978346aeb9132"},
    {file = "tomli-2.4.0-cp314-cp314-macosx_10_15_x86_64.whl", hash = "sha256:26ab906a1eb794cd4e103691daa23d95c6919cc2fa9160000ac02370cc9dd3f6"},
    {file = "tomli-2.4.0-cp314-cp314-macosx_11_0_arm64.whl", hash = "sha256:20cedb4ee43278bc4f2fee6cb50daec836959aadaf948db5172e776dd3d993fc"},
    {file = "tomli-2.4.0-cp314-cp314-manylinux2014_aarch64.manylinux_2_17_aarch64.manylinux_2_28_aarch64.whl", hash = "sha256:39b0b5d1b6dd03684b3fb276407ebed7090bbec989fa55838c98560c01113b66"},
    {file = "tomli-2.4.0-cp314-cp314-manylinux2014_x86_64.manylinux_2_17_x86_64.manylinux_2_28_x86_64.whl", hash = "sha256:a26d7ff68dfdb9f87a016ecfd1e1c2bacbe3108f4e0f8bcd2228ef9a766c787d"},
    {file = "tomli-2.4.0-cp314-cp314-musllinux_1_2_aarch64.whl", hash = "sha256:20ffd184fb1df76a66e34bd1b36b4a4641bd2b82954befa32fe8163e79f1a702"},
    {file = "tomli-2.4.0-cp314-cp314-musllinux_1_2_x86_64.whl", hash = "sha256:75c2f8bbddf170e8effc98f5e9084a8751f8174ea6ccf4fca5398436e0320bc8"},
    {file = "tomli-2.4.0-cp314-cp314-win32.whl", hash = "sha256:31d556d079d72db7c584c0627ff3a24c5d3fb4f730221d3444f3efb1b2514776"},
    {file = "tomli-2.4.0-cp314-cp314-win_amd64.whl", hash = "sha256:43e685b9b2341681907759cf3a04e14d7104b3580f808cfde1dfdb60ada85475"},
    {file = "tomli-2.4.0-cp314-cp314-win_arm64.whl", hash = "sha256:3d895d56bd3f82ddd6faaff993c275efc2ff38e52322ea264122d72729dca2b2"},
    {file = "tomli-2.4.0-cp314-cp314t-macosx_10_15_x86_64.whl", hash = "sha256:5b5807f3999fb66776dbce568cc9a828544244a8eb84b84b9bafc080c99597b9"},
    {file = "tomli-2.4.0-cp314-cp314t-macosx_11_0_arm64.whl", hash = "sha256:c084ad935abe686bd9c898e62a02a19abfc9760b5a79bc29644463eaf2840cb0"},
    {file = "tomli-2.4.0-cp314-cp314t-manylinux2014_aarch64.manylinux_2_17_aarch64.manylinux_2_28_aarch64.whl", hash = "sha256:0f2e3955efea4d1cfbcb87bc321e00dc08d2bcb737fd1d5e398af111d86db5df"},
    {file = "tomli-2.4.0-cp314-cp314t-manylinux2014_x86_64.manylinux_2_17_x86_64.manylinux_2_28_x86_64.whl", hash = "sha256:0e0fe8a0b8312acf3a88077a0802565cb09ee34107813bba1c7cd591fa6cfc8d"},
    {file = "tomli-2.4.0-cp314-cp314t-musllinux_1_2_aarch64.whl", hash = "sha256:413540dce94673591859c4c6f794dfeaa845e98bf35d72ed59636f869ef9f86f"},
    {file = "tomli-2.4.0-cp314-cp314t-musllinux_1_2_x86_64.whl", hash = "sha256:0dc56fef0e2c1c470aeac5b6ca8cc7b640bb93e92d9803ddaf9ea03e198f5b0b"},
    {file = "tomli-2.4.0-cp314-cp314t-win32.whl", hash = "sha256:d878f2a6707cc9d53a1be1414bbb419e629c3d6e67f69230217bb663e76b5087"},
    {file = "tomli-2.4.0-cp314-cp314t-win_amd64.whl", hash = "sha256:2add28aacc7425117ff6364fe9e06a183bb0251b03f986df0e78e974047571fd"},
    {file = "tomli-2.4.0-cp314-cp314t-win_arm64.whl", hash = "sha256:2b1e3b80e1d5e52e40e9b924ec43d81570f0e7d09d11081b797bc4692765a3d4"},
    {file = "tomli-2.4.0-py3-none-any.whl", hash = "sha256:1f776e7d669ebceb01dee46484485f43a4048746235e683bcdffacdf1fb4785a"},
    {file = "tomli-2.4.0.tar.gz", hash = "sha256:aa89c3f6c277dd275d8e243ad24f3b5e701491a860d5121f2cdd399fbb31fc9c"},
]

[[package]]
name = "typing-extensions"
version = "4.15.0"
description = "Backported and Experimental Type Hints for Python 3.9+"
optional = false
python-versions = ">=3.9"
files = [
    {file = "typing_extensions-4.15.0-py3-none-any.whl", hash = "sha256:f0fa19c6845758ab08074a0cfa8b7aecb71c999ca73d62883bc25cc018c4e548"},
    {file = "typing_extensions-4.15.0.tar.gz", hash = "sha256:0cea48d173cc12fa28ecabc3b837ea3cf6f38c6d1136f85cbaaf598984861466"},
]

[extras]
pco = ["pco"]

[metadata]
lock-version = "2.0"
python-versions = "^3.10"
content-hash = "bef78d1ffc280f3109529390bf86ab430b12d978b171b86b9f99455fd1244654"
